// !$*UTF8*$!
{
	archiveVersion = 1;
	classes = {
	};
	objectVersion = 50;
	objects = {

/* Begin PBXBuildFile section */
		3171461B1B2D9A513595074F /* Pods_Real_Estate.framework in Frameworks */ = {isa = PBXBuildFile; fileRef = 68020A9D07982F66803BE91A /* Pods_Real_Estate.framework */; };
		BE028D26211A686200DF03ED /* Home.swift in Sources */ = {isa = PBXBuildFile; fileRef = BE028D25211A686200DF03ED /* Home.swift */; };
		BE028D2B211A69D100DF03ED /* CollectionCell.swift in Sources */ = {isa = PBXBuildFile; fileRef = BE028D2A211A69D100DF03ED /* CollectionCell.swift */; };
		BE028D2E211A6E4C00DF03ED /* DesignableImage.swift in Sources */ = {isa = PBXBuildFile; fileRef = BE028D2D211A6E4C00DF03ED /* DesignableImage.swift */; };
		BE028D30211A6E8800DF03ED /* DesignableButton.swift in Sources */ = {isa = PBXBuildFile; fileRef = BE028D2F211A6E8800DF03ED /* DesignableButton.swift */; };
		BE0A018B211B0E9700D5D9B3 /* AddingPhoto.swift in Sources */ = {isa = PBXBuildFile; fileRef = BE0A018A211B0E9700D5D9B3 /* AddingPhoto.swift */; };
		BE5773EA211AE48C00744416 /* MoreDescription.swift in Sources */ = {isa = PBXBuildFile; fileRef = BE5773E9211AE48C00744416 /* MoreDescription.swift */; };
		BE7892DE21185BEC002F4521 /* AppDelegate.swift in Sources */ = {isa = PBXBuildFile; fileRef = BE7892DD21185BEC002F4521 /* AppDelegate.swift */; };
		BE7892E321185BEC002F4521 /* Main.storyboard in Resources */ = {isa = PBXBuildFile; fileRef = BE7892E121185BEC002F4521 /* Main.storyboard */; };
		BE7892E521185BF5002F4521 /* Assets.xcassets in Resources */ = {isa = PBXBuildFile; fileRef = BE7892E421185BF5002F4521 /* Assets.xcassets */; };
		BE7892E821185BF5002F4521 /* LaunchScreen.storyboard in Resources */ = {isa = PBXBuildFile; fileRef = BE7892E621185BF5002F4521 /* LaunchScreen.storyboard */; };
		BEA37C2D211A75CD006D4342 /* Explore.swift in Sources */ = {isa = PBXBuildFile; fileRef = BEA37C2C211A75CD006D4342 /* Explore.swift */; };
		BEC6E2FC211A8260009861FF /* designableCell.swift in Sources */ = {isa = PBXBuildFile; fileRef = BEC6E2FB211A8260009861FF /* designableCell.swift */; };
/* End PBXBuildFile section */

/* Begin PBXFileReference section */
		48AE2B67AE323B6A37B39097 /* Pods-Real Estate.release.xcconfig */ = {isa = PBXFileReference; includeInIndex = 1; lastKnownFileType = text.xcconfig; name = "Pods-Real Estate.release.xcconfig"; path = "Pods/Target Support Files/Pods-Real Estate/Pods-Real Estate.release.xcconfig"; sourceTree = "<group>"; };
		68020A9D07982F66803BE91A /* Pods_Real_Estate.framework */ = {isa = PBXFileReference; explicitFileType = wrapper.framework; includeInIndex = 0; path = Pods_Real_Estate.framework; sourceTree = BUILT_PRODUCTS_DIR; };
		BE028D25211A686200DF03ED /* Home.swift */ = {isa = PBXFileReference; lastKnownFileType = sourcecode.swift; path = Home.swift; sourceTree = "<group>"; };
		BE028D2A211A69D100DF03ED /* CollectionCell.swift */ = {isa = PBXFileReference; lastKnownFileType = sourcecode.swift; path = CollectionCell.swift; sourceTree = "<group>"; };
		BE028D2D211A6E4C00DF03ED /* DesignableImage.swift */ = {isa = PBXFileReference; lastKnownFileType = sourcecode.swift; path = DesignableImage.swift; sourceTree = "<group>"; };
		BE028D2F211A6E8800DF03ED /* DesignableButton.swift */ = {isa = PBXFileReference; lastKnownFileType = sourcecode.swift; path = DesignableButton.swift; sourceTree = "<group>"; };
		BE0A018A211B0E9700D5D9B3 /* AddingPhoto.swift */ = {isa = PBXFileReference; lastKnownFileType = sourcecode.swift; path = AddingPhoto.swift; sourceTree = "<group>"; };
		BE5773E9211AE48C00744416 /* MoreDescription.swift */ = {isa = PBXFileReference; lastKnownFileType = sourcecode.swift; path = MoreDescription.swift; sourceTree = "<group>"; };
		BE7892DA21185BEC002F4521 /* Real Estate.app */ = {isa = PBXFileReference; explicitFileType = wrapper.application; includeInIndex = 0; path = "Real Estate.app"; sourceTree = BUILT_PRODUCTS_DIR; };
		BE7892DD21185BEC002F4521 /* AppDelegate.swift */ = {isa = PBXFileReference; lastKnownFileType = sourcecode.swift; path = AppDelegate.swift; sourceTree = "<group>"; };
		BE7892E221185BEC002F4521 /* Base */ = {isa = PBXFileReference; lastKnownFileType = file.storyboard; name = Base; path = Base.lproj/Main.storyboard; sourceTree = "<group>"; };
		BE7892E421185BF5002F4521 /* Assets.xcassets */ = {isa = PBXFileReference; lastKnownFileType = folder.assetcatalog; path = Assets.xcassets; sourceTree = "<group>"; };
		BE7892E721185BF5002F4521 /* Base */ = {isa = PBXFileReference; lastKnownFileType = file.storyboard; name = Base; path = Base.lproj/LaunchScreen.storyboard; sourceTree = "<group>"; };
		BE7892E921185BF5002F4521 /* Info.plist */ = {isa = PBXFileReference; lastKnownFileType = text.plist.xml; path = Info.plist; sourceTree = "<group>"; };
		BEA37C2C211A75CD006D4342 /* Explore.swift */ = {isa = PBXFileReference; lastKnownFileType = sourcecode.swift; path = Explore.swift; sourceTree = "<group>"; };
		BEC6E2FB211A8260009861FF /* designableCell.swift */ = {isa = PBXFileReference; lastKnownFileType = sourcecode.swift; path = designableCell.swift; sourceTree = "<group>"; };
		F45C89C177F9145DEB855D2C /* Pods-Real Estate.debug.xcconfig */ = {isa = PBXFileReference; includeInIndex = 1; lastKnownFileType = text.xcconfig; name = "Pods-Real Estate.debug.xcconfig"; path = "Pods/Target Support Files/Pods-Real Estate/Pods-Real Estate.debug.xcconfig"; sourceTree = "<group>"; };
/* End PBXFileReference section */

/* Begin PBXFrameworksBuildPhase section */
		BE7892D721185BEC002F4521 /* Frameworks */ = {
			isa = PBXFrameworksBuildPhase;
			buildActionMask = 2147483647;
			files = (
				3171461B1B2D9A513595074F /* Pods_Real_Estate.framework in Frameworks */,
			);
			runOnlyForDeploymentPostprocessing = 0;
		};
/* End PBXFrameworksBuildPhase section */

/* Begin PBXGroup section */
		ABFDEDAA956813E20CC3E27A /* Frameworks */ = {
			isa = PBXGroup;
			children = (
				68020A9D07982F66803BE91A /* Pods_Real_Estate.framework */,
			);
			name = Frameworks;
			sourceTree = "<group>";
		};
		BE028D22211A680000DF03ED /* Controllers */ = {
			isa = PBXGroup;
			children = (
				BE028D25211A686200DF03ED /* Home.swift */,
				BEA37C2C211A75CD006D4342 /* Explore.swift */,
				BE5773E9211AE48C00744416 /* MoreDescription.swift */,
				BE0A018A211B0E9700D5D9B3 /* AddingPhoto.swift */,
			);
			path = Controllers;
			sourceTree = "<group>";
		};
		BE028D27211A689100DF03ED /* Cells */ = {
			isa = PBXGroup;
			children = (
				BE028D2A211A69D100DF03ED /* CollectionCell.swift */,
			);
			path = Cells;
			sourceTree = "<group>";
		};
		BE028D2C211A6E0E00DF03ED /* Designable */ = {
			isa = PBXGroup;
			children = (
				BE028D2D211A6E4C00DF03ED /* DesignableImage.swift */,
				BE028D2F211A6E8800DF03ED /* DesignableButton.swift */,
				BEC6E2FB211A8260009861FF /* designableCell.swift */,
			);
			path = Designable;
			sourceTree = "<group>";
		};
		BE7892D121185BEC002F4521 = {
			isa = PBXGroup;
			children = (
				BE7892DC21185BEC002F4521 /* Real Estate */,
				BE7892DB21185BEC002F4521 /* Products */,
				E2470CD3510B7E7E7D149A03 /* Pods */,
				ABFDEDAA956813E20CC3E27A /* Frameworks */,
			);
			sourceTree = "<group>";
		};
		BE7892DB21185BEC002F4521 /* Products */ = {
			isa = PBXGroup;
			children = (
				BE7892DA21185BEC002F4521 /* Real Estate.app */,
			);
			name = Products;
			sourceTree = "<group>";
		};
		BE7892DC21185BEC002F4521 /* Real Estate */ = {
			isa = PBXGroup;
			children = (
				BE028D2C211A6E0E00DF03ED /* Designable */,
				BE028D27211A689100DF03ED /* Cells */,
				BE028D22211A680000DF03ED /* Controllers */,
				BE7892DD21185BEC002F4521 /* AppDelegate.swift */,
				BE7892E121185BEC002F4521 /* Main.storyboard */,
				BE7892E421185BF5002F4521 /* Assets.xcassets */,
				BE7892E621185BF5002F4521 /* LaunchScreen.storyboard */,
				BE7892E921185BF5002F4521 /* Info.plist */,
			);
			path = "Real Estate";
			sourceTree = "<group>";
		};
		E2470CD3510B7E7E7D149A03 /* Pods */ = {
			isa = PBXGroup;
			children = (
				F45C89C177F9145DEB855D2C /* Pods-Real Estate.debug.xcconfig */,
				48AE2B67AE323B6A37B39097 /* Pods-Real Estate.release.xcconfig */,
			);
			name = Pods;
			sourceTree = "<group>";
		};
/* End PBXGroup section */

/* Begin PBXNativeTarget section */
		BE7892D921185BEC002F4521 /* Real Estate */ = {
			isa = PBXNativeTarget;
			buildConfigurationList = BE7892EC21185BF5002F4521 /* Build configuration list for PBXNativeTarget "Real Estate" */;
			buildPhases = (
				A92D0E40E5CEAB65A15834FA /* [CP] Check Pods Manifest.lock */,
				BE7892D621185BEC002F4521 /* Sources */,
				BE7892D721185BEC002F4521 /* Frameworks */,
				BE7892D821185BEC002F4521 /* Resources */,
				D28AC498F53D40F229FFE6A0 /* [CP] Embed Pods Frameworks */,
			);
			buildRules = (
			);
			dependencies = (
			);
			name = "Real Estate";
			productName = "Real Estate";
			productReference = BE7892DA21185BEC002F4521 /* Real Estate.app */;
			productType = "com.apple.product-type.application";
		};
/* End PBXNativeTarget section */

/* Begin PBXProject section */
		BE7892D221185BEC002F4521 /* Project object */ = {
			isa = PBXProject;
			attributes = {
				LastSwiftUpdateCheck = 0930;
				LastUpgradeCheck = 0930;
				ORGANIZATIONNAME = "Nayef Alotaibi";
				TargetAttributes = {
					BE7892D921185BEC002F4521 = {
						CreatedOnToolsVersion = 9.3;
					};
				};
			};
			buildConfigurationList = BE7892D521185BEC002F4521 /* Build configuration list for PBXProject "Real Estate" */;
			compatibilityVersion = "Xcode 9.3";
			developmentRegion = en;
			hasScannedForEncodings = 0;
			knownRegions = (
				en,
				Base,
			);
			mainGroup = BE7892D121185BEC002F4521;
			productRefGroup = BE7892DB21185BEC002F4521 /* Products */;
			projectDirPath = "";
			projectRoot = "";
			targets = (
				BE7892D921185BEC002F4521 /* Real Estate */,
			);
		};
/* End PBXProject section */

/* Begin PBXResourcesBuildPhase section */
		BE7892D821185BEC002F4521 /* Resources */ = {
			isa = PBXResourcesBuildPhase;
			buildActionMask = 2147483647;
			files = (
				BE7892E821185BF5002F4521 /* LaunchScreen.storyboard in Resources */,
				BE7892E521185BF5002F4521 /* Assets.xcassets in Resources */,
				BE7892E321185BEC002F4521 /* Main.storyboard in Resources */,
			);
			runOnlyForDeploymentPostprocessing = 0;
		};
/* End PBXResourcesBuildPhase section */

/* Begin PBXShellScriptBuildPhase section */
		A92D0E40E5CEAB65A15834FA /* [CP] Check Pods Manifest.lock */ = {
			isa = PBXShellScriptBuildPhase;
			buildActionMask = 2147483647;
			files = (
			);
			inputPaths = (
				"${PODS_PODFILE_DIR_PATH}/Podfile.lock",
				"${PODS_ROOT}/Manifest.lock",
			);
			name = "[CP] Check Pods Manifest.lock";
			outputPaths = (
				"$(DERIVED_FILE_DIR)/Pods-Real Estate-checkManifestLockResult.txt",
			);
			runOnlyForDeploymentPostprocessing = 0;
			shellPath = /bin/sh;
			shellScript = "diff \"${PODS_PODFILE_DIR_PATH}/Podfile.lock\" \"${PODS_ROOT}/Manifest.lock\" > /dev/null\nif [ $? != 0 ] ; then\n    # print error to STDERR\n    echo \"error: The sandbox is not in sync with the Podfile.lock. Run 'pod install' or update your CocoaPods installation.\" >&2\n    exit 1\nfi\n# This output is used by Xcode 'outputs' to avoid re-running this script phase.\necho \"SUCCESS\" > \"${SCRIPT_OUTPUT_FILE_0}\"\n";
			showEnvVarsInLog = 0;
		};
		D28AC498F53D40F229FFE6A0 /* [CP] Embed Pods Frameworks */ = {
			isa = PBXShellScriptBuildPhase;
			buildActionMask = 2147483647;
			files = (
			);
			inputPaths = (
				"${SRCROOT}/Pods/Target Support Files/Pods-Real Estate/Pods-Real Estate-frameworks.sh",
				"${BUILT_PRODUCTS_DIR}/SHSearchBar/SHSearchBar.framework",
			);
			name = "[CP] Embed Pods Frameworks";
			outputPaths = (
				"${TARGET_BUILD_DIR}/${FRAMEWORKS_FOLDER_PATH}/SHSearchBar.framework",
			);
			runOnlyForDeploymentPostprocessing = 0;
			shellPath = /bin/sh;
			shellScript = "\"${SRCROOT}/Pods/Target Support Files/Pods-Real Estate/Pods-Real Estate-frameworks.sh\"\n";
			showEnvVarsInLog = 0;
		};
/* End PBXShellScriptBuildPhase section */

/* Begin PBXSourcesBuildPhase section */
		BE7892D621185BEC002F4521 /* Sources */ = {
			isa = PBXSourcesBuildPhase;
			buildActionMask = 2147483647;
			files = (
				BEC6E2FC211A8260009861FF /* designableCell.swift in Sources */,
				BE028D26211A686200DF03ED /* Home.swift in Sources */,
				BE028D2E211A6E4C00DF03ED /* DesignableImage.swift in Sources */,
				BEA37C2D211A75CD006D4342 /* Explore.swift in Sources */,
				BE0A018B211B0E9700D5D9B3 /* AddingPhoto.swift in Sources */,
				BE7892DE21185BEC002F4521 /* AppDelegate.swift in Sources */,
				BE028D30211A6E8800DF03ED /* DesignableButton.swift in Sources */,
				BE028D2B211A69D100DF03ED /* CollectionCell.swift in Sources */,
				BE5773EA211AE48C00744416 /* MoreDescription.swift in Sources */,
			);
			runOnlyForDeploymentPostprocessing = 0;
		};
/* End PBXSourcesBuildPhase section */

/* Begin PBXVariantGroup section */
		BE7892E121185BEC002F4521 /* Main.storyboard */ = {
			isa = PBXVariantGroup;
			children = (
				BE7892E221185BEC002F4521 /* Base */,
			);
			name = Main.storyboard;
			sourceTree = "<group>";
		};
		BE7892E621185BF5002F4521 /* LaunchScreen.storyboard */ = {
			isa = PBXVariantGroup;
			children = (
				BE7892E721185BF5002F4521 /* Base */,
			);
			name = LaunchScreen.storyboard;
			sourceTree = "<group>";
		};
/* End PBXVariantGroup section */

/* Begin XCBuildConfiguration section */
		BE7892EA21185BF5002F4521 /* Debug */ = {
			isa = XCBuildConfiguration;
			buildSettings = {
				ALWAYS_SEARCH_USER_PATHS = NO;
				CLANG_ANALYZER_NONNULL = YES;
				CLANG_ANALYZER_NUMBER_OBJECT_CONVERSION = YES_AGGRESSIVE;
				CLANG_CXX_LANGUAGE_STANDARD = "gnu++14";
				CLANG_CXX_LIBRARY = "libc++";
				CLANG_ENABLE_MODULES = YES;
				CLANG_ENABLE_OBJC_ARC = YES;
				CLANG_ENABLE_OBJC_WEAK = YES;
				CLANG_WARN_BLOCK_CAPTURE_AUTORELEASING = YES;
				CLANG_WARN_BOOL_CONVERSION = YES;
				CLANG_WARN_COMMA = YES;
				CLANG_WARN_CONSTANT_CONVERSION = YES;
				CLANG_WARN_DEPRECATED_OBJC_IMPLEMENTATIONS = YES;
				CLANG_WARN_DIRECT_OBJC_ISA_USAGE = YES_ERROR;
				CLANG_WARN_DOCUMENTATION_COMMENTS = YES;
				CLANG_WARN_EMPTY_BODY = YES;
				CLANG_WARN_ENUM_CONVERSION = YES;
				CLANG_WARN_INFINITE_RECURSION = YES;
				CLANG_WARN_INT_CONVERSION = YES;
				CLANG_WARN_NON_LITERAL_NULL_CONVERSION = YES;
				CLANG_WARN_OBJC_IMPLICIT_RETAIN_SELF = YES;
				CLANG_WARN_OBJC_LITERAL_CONVERSION = YES;
				CLANG_WARN_OBJC_ROOT_CLASS = YES_ERROR;
				CLANG_WARN_RANGE_LOOP_ANALYSIS = YES;
				CLANG_WARN_STRICT_PROTOTYPES = YES;
				CLANG_WARN_SUSPICIOUS_MOVE = YES;
				CLANG_WARN_UNGUARDED_AVAILABILITY = YES_AGGRESSIVE;
				CLANG_WARN_UNREACHABLE_CODE = YES;
				CLANG_WARN__DUPLICATE_METHOD_MATCH = YES;
				CODE_SIGN_IDENTITY = "iPhone Developer";
				COPY_PHASE_STRIP = NO;
				DEBUG_INFORMATION_FORMAT = dwarf;
				ENABLE_STRICT_OBJC_MSGSEND = YES;
				ENABLE_TESTABILITY = YES;
				GCC_C_LANGUAGE_STANDARD = gnu11;
				GCC_DYNAMIC_NO_PIC = NO;
				GCC_NO_COMMON_BLOCKS = YES;
				GCC_OPTIMIZATION_LEVEL = 0;
				GCC_PREPROCESSOR_DEFINITIONS = (
					"DEBUG=1",
					"$(inherited)",
				);
				GCC_WARN_64_TO_32_BIT_CONVERSION = YES;
				GCC_WARN_ABOUT_RETURN_TYPE = YES_ERROR;
				GCC_WARN_UNDECLARED_SELECTOR = YES;
				GCC_WARN_UNINITIALIZED_AUTOS = YES_AGGRESSIVE;
				GCC_WARN_UNUSED_FUNCTION = YES;
				GCC_WARN_UNUSED_VARIABLE = YES;
				IPHONEOS_DEPLOYMENT_TARGET = 11.3;
				MTL_ENABLE_DEBUG_INFO = YES;
				ONLY_ACTIVE_ARCH = YES;
				SDKROOT = iphoneos;
				SWIFT_ACTIVE_COMPILATION_CONDITIONS = DEBUG;
				SWIFT_OPTIMIZATION_LEVEL = "-Onone";
			};
			name = Debug;
		};
		BE7892EB21185BF5002F4521 /* Release */ = {
			isa = XCBuildConfiguration;
			buildSettings = {
				ALWAYS_SEARCH_USER_PATHS = NO;
				CLANG_ANALYZER_NONNULL = YES;
				CLANG_ANALYZER_NUMBER_OBJECT_CONVERSION = YES_AGGRESSIVE;
				CLANG_CXX_LANGUAGE_STANDARD = "gnu++14";
				CLANG_CXX_LIBRARY = "libc++";
				CLANG_ENABLE_MODULES = YES;
				CLANG_ENABLE_OBJC_ARC = YES;
				CLANG_ENABLE_OBJC_WEAK = YES;
				CLANG_WARN_BLOCK_CAPTURE_AUTORELEASING = YES;
				CLANG_WARN_BOOL_CONVERSION = YES;
				CLANG_WARN_COMMA = YES;
				CLANG_WARN_CONSTANT_CONVERSION = YES;
				CLANG_WARN_DEPRECATED_OBJC_IMPLEMENTATIONS = YES;
				CLANG_WARN_DIRECT_OBJC_ISA_USAGE = YES_ERROR;
				CLANG_WARN_DOCUMENTATION_COMMENTS = YES;
				CLANG_WARN_EMPTY_BODY = YES;
				CLANG_WARN_ENUM_CONVERSION = YES;
				CLANG_WARN_INFINITE_RECURSION = YES;
				CLANG_WARN_INT_CONVERSION = YES;
				CLANG_WARN_NON_LITERAL_NULL_CONVERSION = YES;
				CLANG_WARN_OBJC_IMPLICIT_RETAIN_SELF = YES;
				CLANG_WARN_OBJC_LITERAL_CONVERSION = YES;
				CLANG_WARN_OBJC_ROOT_CLASS = YES_ERROR;
				CLANG_WARN_RANGE_LOOP_ANALYSIS = YES;
				CLANG_WARN_STRICT_PROTOTYPES = YES;
				CLANG_WARN_SUSPICIOUS_MOVE = YES;
				CLANG_WARN_UNGUARDED_AVAILABILITY = YES_AGGRESSIVE;
				CLANG_WARN_UNREACHABLE_CODE = YES;
				CLANG_WARN__DUPLICATE_METHOD_MATCH = YES;
				CODE_SIGN_IDENTITY = "iPhone Developer";
				COPY_PHASE_STRIP = NO;
				DEBUG_INFORMATION_FORMAT = "dwarf-with-dsym";
				ENABLE_NS_ASSERTIONS = NO;
				ENABLE_STRICT_OBJC_MSGSEND = YES;
				GCC_C_LANGUAGE_STANDARD = gnu11;
				GCC_NO_COMMON_BLOCKS = YES;
				GCC_WARN_64_TO_32_BIT_CONVERSION = YES;
				GCC_WARN_ABOUT_RETURN_TYPE = YES_ERROR;
				GCC_WARN_UNDECLARED_SELECTOR = YES;
				GCC_WARN_UNINITIALIZED_AUTOS = YES_AGGRESSIVE;
				GCC_WARN_UNUSED_FUNCTION = YES;
				GCC_WARN_UNUSED_VARIABLE = YES;
				IPHONEOS_DEPLOYMENT_TARGET = 11.3;
				MTL_ENABLE_DEBUG_INFO = NO;
				SDKROOT = iphoneos;
				SWIFT_COMPILATION_MODE = wholemodule;
				SWIFT_OPTIMIZATION_LEVEL = "-O";
				VALIDATE_PRODUCT = YES;
			};
			name = Release;
		};
		BE7892ED21185BF5002F4521 /* Debug */ = {
			isa = XCBuildConfiguration;
			baseConfigurationReference = F45C89C177F9145DEB855D2C /* Pods-Real Estate.debug.xcconfig */;
			buildSettings = {
				ASSETCATALOG_COMPILER_APPICON_NAME = AppIcon;
				CODE_SIGN_STYLE = Automatic;
				DEVELOPMENT_TEAM = 8G9TEZDPEH;
				INFOPLIST_FILE = "Real Estate/Info.plist";
				LD_RUNPATH_SEARCH_PATHS = (
					"$(inherited)",
					"@executable_path/Frameworks",
				);
				PRODUCT_BUNDLE_IDENTIFIER = "Nayef.Real-Estate";
				PRODUCT_NAME = "$(TARGET_NAME)";
				SWIFT_VERSION = 4.0;
				TARGETED_DEVICE_FAMILY = "1,2";
			};
			name = Debug;
		};
		BE7892EE21185BF5002F4521 /* Release */ = {
			isa = XCBuildConfiguration;
			baseConfigurationReference = 48AE2B67AE323B6A37B39097 /* Pods-Real Estate.release.xcconfig */;
			buildSettings = {
				ASSETCATALOG_COMPILER_APPICON_NAME = AppIcon;
				CODE_SIGN_STYLE = Automatic;
				DEVELOPMENT_TEAM = 8G9TEZDPEH;
				INFOPLIST_FILE = "Real Estate/Info.plist";
				LD_RUNPATH_SEARCH_PATHS = (
					"$(inherited)",
					"@executable_path/Frameworks",
				);
				PRODUCT_BUNDLE_IDENTIFIER = "Nayef.Real-Estate";
				PRODUCT_NAME = "$(TARGET_NAME)";
				SWIFT_VERSION = 4.0;
				TARGETED_DEVICE_FAMILY = "1,2";
			};
			name = Release;
		};
/* End XCBuildConfiguration section */

/* Begin XCConfigurationList section */
		BE7892D521185BEC002F4521 /* Build configuration list for PBXProject "Real Estate" */ = {
			isa = XCConfigurationList;
			buildConfigurations = (
				BE7892EA21185BF5002F4521 /* Debug */,
				BE7892EB21185BF5002F4521 /* Release */,
			);
			defaultConfigurationIsVisible = 0;
			defaultConfigurationName = Release;
		};
		BE7892EC21185BF5002F4521 /* Build configuration list for PBXNativeTarget "Real Estate" */ = {
			isa = XCConfigurationList;
			buildConfigurations = (
				BE7892ED21185BF5002F4521 /* Debug */,
				BE7892EE21185BF5002F4521 /* Release */,
			);
			defaultConfigurationIsVisible = 0;
			defaultConfigurationName = Release;
		};
/* End XCConfigurationList section */
	};
	rootObject = BE7892D221185BEC002F4521 /* Project object */;
}
